
Microsoft Visual Studio Solution File, Format Version 12.00
# Visual Studio 15
VisualStudioVersion = 15.0.28307.1684
MinimumVisualStudioVersion = 10.0.40219.1
Project("{FAE04EC0-301F-11D3-BF4B-00C04F79EFBC}") = "MoreOnCollectionApplication", "MoreOnCollectionApplication\MoreOnCollectionApplication.csproj", "{415789FC-B4A2-4694-8EC0-32AAA22076CC}"
EndProject
Global
	GlobalSection(SolutionConfigurationPlatforms) = preSolution
		Debug|Any CPU = Debug|Any CPU
		Release|Any CPU = Release|Any CPU
	EndGlobalSection
	GlobalSection(ProjectConfigurationPlatforms) = postSolution
		{415789FC-B4A2-4694-8EC0-32AAA22076CC}.Debug|Any CPU.ActiveCfg = Debug|Any CPU
		{415789FC-B4A2-4694-8EC0-32AAA22076CC}.Debug|Any CPU.Build.0 = Debug|Any CPU
		{415789FC-B4A2-4694-8EC0-32AAA22076CC}.Release|Any CPU.ActiveCfg = Release|Any CPU
		{415789FC-B4A2-4694-8EC0-32AAA22076CC}.Release|Any CPU.Build.0 = Release|Any CPU
	EndGlobalSection
	GlobalSection(SolutionProperties) = preSolution
		HideSolutionNode = FALSE
	EndGlobalSection
	GlobalSection(ExtensibilityGlobals) = postSolution
		SolutionGuid = {3FAF0D15-8213-4CC2-8240-04BA15D6DA58}
	EndGlobalSection
EndGlobal
