
Microsoft Visual Studio Solution File, Format Version 12.00
# Visual Studio 15
VisualStudioVersion = 15.0.28307.1684
MinimumVisualStudioVersion = 10.0.40219.1
Project("{FAE04EC0-301F-11D3-BF4B-00C04F79EFBC}") = "UnderstndingSecurityApplication", "UnderstndingSecurityApplication\UnderstndingSecurityApplication.csproj", "{F7492866-92A3-4158-BB91-9B89EB595110}"
EndProject
Global
	GlobalSection(SolutionConfigurationPlatforms) = preSolution
		Debug|Any CPU = Debug|Any CPU
		Release|Any CPU = Release|Any CPU
	EndGlobalSection
	GlobalSection(ProjectConfigurationPlatforms) = postSolution
		{F7492866-92A3-4158-BB91-9B89EB595110}.Debug|Any CPU.ActiveCfg = Debug|Any CPU
		{F7492866-92A3-4158-BB91-9B89EB595110}.Debug|Any CPU.Build.0 = Debug|Any CPU
		{F7492866-92A3-4158-BB91-9B89EB595110}.Release|Any CPU.ActiveCfg = Release|Any CPU
		{F7492866-92A3-4158-BB91-9B89EB595110}.Release|Any CPU.Build.0 = Release|Any CPU
	EndGlobalSection
	GlobalSection(SolutionProperties) = preSolution
		HideSolutionNode = FALSE
	EndGlobalSection
	GlobalSection(ExtensibilityGlobals) = postSolution
		SolutionGuid = {1C81C2B4-020A-41A0-BDC2-98AFA3EBCD12}
	EndGlobalSection
EndGlobal
